
Microsoft Visual Studio Solution File, Format Version 12.00
# Visual Studio Version 16
VisualStudioVersion = 16.0.29728.190
MinimumVisualStudioVersion = 10.0.40219.1
Project("{9A19103F-16F7-4668-BE54-9A1E7A4F7556}") = "Atlas.OLD", "Atlas.OLD\Atlas.OLD.csproj", "{3F11B625-28EE-48DD-9E31-4506256A2326}"
EndProject
Project("{2150E333-8FDC-42A3-9474-1A3956D46DE8}") = "Solution Items", "Solution Items", "{8540BC55-5403-4EE2-8D4C-E4492EE6AC4F}"
	ProjectSection(SolutionItems) = preProject
		LICENSE = LICENSE
		README.md = README.md
	EndProjectSection
EndProject
Project("{9A19103F-16F7-4668-BE54-9A1E7A4F7556}") = "Atlas.Server", "Atlas.Server\Atlas.Server.csproj", "{7ADEAF92-9A67-4ECB-AC0C-C712129C3072}"
EndProject
Project("{9A19103F-16F7-4668-BE54-9A1E7A4F7556}") = "Atlas.Client", "Atlas.Client\Atlas.Client.csproj", "{6CD152FC-DFF1-4098-A7D3-2EE03A08ACEF}"
EndProject
Project("{9A19103F-16F7-4668-BE54-9A1E7A4F7556}") = "Atlas.Shared", "Atlas.Shared\Atlas.Shared.csproj", "{C91D322F-6360-4F49-9505-0D57E24F69FD}"
EndProject
Project("{FAE04EC0-301F-11D3-BF4B-00C04F79EFBC}") = "Atlas.Data", "Atlas.Data\Atlas.Data.csproj", "{9C3C652E-E71C-4113-8937-7DEB09A26E67}"
EndProject
Project("{FAE04EC0-301F-11D3-BF4B-00C04F79EFBC}") = "Atlas.Domain", "Atlas.Domain\Atlas.Domain.csproj", "{C51EDBBF-F283-41B1-95F9-068A7F11B186}"
EndProject
Global
	GlobalSection(SolutionConfigurationPlatforms) = preSolution
		Debug|Any CPU = Debug|Any CPU
		Release|Any CPU = Release|Any CPU
	EndGlobalSection
	GlobalSection(ProjectConfigurationPlatforms) = postSolution
		{3F11B625-28EE-48DD-9E31-4506256A2326}.Debug|Any CPU.ActiveCfg = Debug|Any CPU
		{3F11B625-28EE-48DD-9E31-4506256A2326}.Debug|Any CPU.Build.0 = Debug|Any CPU
		{3F11B625-28EE-48DD-9E31-4506256A2326}.Release|Any CPU.ActiveCfg = Release|Any CPU
		{3F11B625-28EE-48DD-9E31-4506256A2326}.Release|Any CPU.Build.0 = Release|Any CPU
		{7ADEAF92-9A67-4ECB-AC0C-C712129C3072}.Debug|Any CPU.ActiveCfg = Debug|Any CPU
		{7ADEAF92-9A67-4ECB-AC0C-C712129C3072}.Debug|Any CPU.Build.0 = Debug|Any CPU
		{7ADEAF92-9A67-4ECB-AC0C-C712129C3072}.Release|Any CPU.ActiveCfg = Release|Any CPU
		{7ADEAF92-9A67-4ECB-AC0C-C712129C3072}.Release|Any CPU.Build.0 = Release|Any CPU
		{6CD152FC-DFF1-4098-A7D3-2EE03A08ACEF}.Debug|Any CPU.ActiveCfg = Debug|Any CPU
		{6CD152FC-DFF1-4098-A7D3-2EE03A08ACEF}.Debug|Any CPU.Build.0 = Debug|Any CPU
		{6CD152FC-DFF1-4098-A7D3-2EE03A08ACEF}.Release|Any CPU.ActiveCfg = Release|Any CPU
		{6CD152FC-DFF1-4098-A7D3-2EE03A08ACEF}.Release|Any CPU.Build.0 = Release|Any CPU
		{C91D322F-6360-4F49-9505-0D57E24F69FD}.Debug|Any CPU.ActiveCfg = Debug|Any CPU
		{C91D322F-6360-4F49-9505-0D57E24F69FD}.Debug|Any CPU.Build.0 = Debug|Any CPU
		{C91D322F-6360-4F49-9505-0D57E24F69FD}.Release|Any CPU.ActiveCfg = Release|Any CPU
		{C91D322F-6360-4F49-9505-0D57E24F69FD}.Release|Any CPU.Build.0 = Release|Any CPU
		{9C3C652E-E71C-4113-8937-7DEB09A26E67}.Debug|Any CPU.ActiveCfg = Debug|Any CPU
		{9C3C652E-E71C-4113-8937-7DEB09A26E67}.Debug|Any CPU.Build.0 = Debug|Any CPU
		{9C3C652E-E71C-4113-8937-7DEB09A26E67}.Release|Any CPU.ActiveCfg = Release|Any CPU
		{9C3C652E-E71C-4113-8937-7DEB09A26E67}.Release|Any CPU.Build.0 = Release|Any CPU
		{C51EDBBF-F283-41B1-95F9-068A7F11B186}.Debug|Any CPU.ActiveCfg = Debug|Any CPU
		{C51EDBBF-F283-41B1-95F9-068A7F11B186}.Debug|Any CPU.Build.0 = Debug|Any CPU
		{C51EDBBF-F283-41B1-95F9-068A7F11B186}.Release|Any CPU.ActiveCfg = Release|Any CPU
		{C51EDBBF-F283-41B1-95F9-068A7F11B186}.Release|Any CPU.Build.0 = Release|Any CPU
	EndGlobalSection
	GlobalSection(SolutionProperties) = preSolution
		HideSolutionNode = FALSE
	EndGlobalSection
	GlobalSection(ExtensibilityGlobals) = postSolution
		SolutionGuid = {2747CCE7-65F1-47E8-8F5F-4598AAA8A5B9}
	EndGlobalSection
EndGlobal
