
Microsoft Visual Studio Solution File, Format Version 12.00
# Visual Studio Version 16
VisualStudioVersion = 16.0.29728.190
MinimumVisualStudioVersion = 10.0.40219.1
Project("{2150E333-8FDC-42A3-9474-1A3956D46DE8}") = "Solution Items", "Solution Items", "{8540BC55-5403-4EE2-8D4C-E4492EE6AC4F}"
	ProjectSection(SolutionItems) = preProject
		Directory.Build.props = Directory.Build.props
		Directory.Build.targets = Directory.Build.targets
		LICENSE = LICENSE
		README.md = README.md
	EndProjectSection
EndProject
Project("{9A19103F-16F7-4668-BE54-9A1E7A4F7556}") = "Atlas.Server", "src\Atlas.Server\Atlas.Server.csproj", "{7ADEAF92-9A67-4ECB-AC0C-C712129C3072}"
EndProject
Project("{9A19103F-16F7-4668-BE54-9A1E7A4F7556}") = "Atlas.Client", "src\Atlas.Client\Atlas.Client.csproj", "{6CD152FC-DFF1-4098-A7D3-2EE03A08ACEF}"
EndProject
Project("{9A19103F-16F7-4668-BE54-9A1E7A4F7556}") = "Atlas.Models", "src\Atlas.Models\Atlas.Models.csproj", "{C91D322F-6360-4F49-9505-0D57E24F69FD}"
EndProject
Project("{9A19103F-16F7-4668-BE54-9A1E7A4F7556}") = "Atlas.Data", "src\Atlas.Data\Atlas.Data.csproj", "{9C3C652E-E71C-4113-8937-7DEB09A26E67}"
EndProject
Project("{9A19103F-16F7-4668-BE54-9A1E7A4F7556}") = "Atlas.Domain", "src\Atlas.Domain\Atlas.Domain.csproj", "{C51EDBBF-F283-41B1-95F9-068A7F11B186}"
EndProject
Project("{9A19103F-16F7-4668-BE54-9A1E7A4F7556}") = "_TEMP", "_TEMP\_TEMP.csproj", "{1E8D33BF-0856-44BD-9C7A-C8F106288AE0}"
EndProject
Project("{2150E333-8FDC-42A3-9474-1A3956D46DE8}") = "src", "src", "{4DBC2831-6FA8-488A-89AB-7D445EFAB278}"
EndProject
Project("{2150E333-8FDC-42A3-9474-1A3956D46DE8}") = "test", "test", "{71898E1F-3251-4DE9-AAFE-7D99540F2379}"
EndProject
Project("{2150E333-8FDC-42A3-9474-1A3956D46DE8}") = "docs", "docs", "{707C6370-09DC-4970-9F9C-9BAC63BEF65B}"
	ProjectSection(SolutionItems) = preProject
		docs\Configuration.md = docs\Configuration.md
		docs\Deployment.md = docs\Deployment.md
		docs\index.md = docs\index.md
		docs\Localization.md = docs\Localization.md
		docs\Themes.md = docs\Themes.md
	EndProjectSection
EndProject
Project("{9A19103F-16F7-4668-BE54-9A1E7A4F7556}") = "Atlas.Domain.Tests", "test\Atlas.Domain.Tests\Atlas.Domain.Tests.csproj", "{C72D981B-4499-4DAD-976E-634B02B95B26}"
EndProject
Project("{9A19103F-16F7-4668-BE54-9A1E7A4F7556}") = "Atlas.Data.Tests", "test\Atlas.Data.Tests\Atlas.Data.Tests.csproj", "{3DABE5C5-A015-4217-91EE-5282E829AEF8}"
EndProject
Project("{2150E333-8FDC-42A3-9474-1A3956D46DE8}") = "assets", "assets", "{BE91C094-1F67-4C0B-89A1-88D592CD9AD0}"
EndProject
Project("{2150E333-8FDC-42A3-9474-1A3956D46DE8}") = "img", "img", "{84E69FCB-0CE0-4F91-B24C-20F6656DC88E}"
	ProjectSection(SolutionItems) = preProject
		docs\assets\img\admin-forums.png = docs\assets\img\admin-forums.png
	EndProjectSection
EndProject
Global
	GlobalSection(SolutionConfigurationPlatforms) = preSolution
		Debug|Any CPU = Debug|Any CPU
		Release|Any CPU = Release|Any CPU
	EndGlobalSection
	GlobalSection(ProjectConfigurationPlatforms) = postSolution
		{7ADEAF92-9A67-4ECB-AC0C-C712129C3072}.Debug|Any CPU.ActiveCfg = Debug|Any CPU
		{7ADEAF92-9A67-4ECB-AC0C-C712129C3072}.Debug|Any CPU.Build.0 = Debug|Any CPU
		{7ADEAF92-9A67-4ECB-AC0C-C712129C3072}.Release|Any CPU.ActiveCfg = Release|Any CPU
		{7ADEAF92-9A67-4ECB-AC0C-C712129C3072}.Release|Any CPU.Build.0 = Release|Any CPU
		{6CD152FC-DFF1-4098-A7D3-2EE03A08ACEF}.Debug|Any CPU.ActiveCfg = Debug|Any CPU
		{6CD152FC-DFF1-4098-A7D3-2EE03A08ACEF}.Debug|Any CPU.Build.0 = Debug|Any CPU
		{6CD152FC-DFF1-4098-A7D3-2EE03A08ACEF}.Release|Any CPU.ActiveCfg = Release|Any CPU
		{6CD152FC-DFF1-4098-A7D3-2EE03A08ACEF}.Release|Any CPU.Build.0 = Release|Any CPU
		{C91D322F-6360-4F49-9505-0D57E24F69FD}.Debug|Any CPU.ActiveCfg = Debug|Any CPU
		{C91D322F-6360-4F49-9505-0D57E24F69FD}.Debug|Any CPU.Build.0 = Debug|Any CPU
		{C91D322F-6360-4F49-9505-0D57E24F69FD}.Release|Any CPU.ActiveCfg = Release|Any CPU
		{C91D322F-6360-4F49-9505-0D57E24F69FD}.Release|Any CPU.Build.0 = Release|Any CPU
		{9C3C652E-E71C-4113-8937-7DEB09A26E67}.Debug|Any CPU.ActiveCfg = Debug|Any CPU
		{9C3C652E-E71C-4113-8937-7DEB09A26E67}.Debug|Any CPU.Build.0 = Debug|Any CPU
		{9C3C652E-E71C-4113-8937-7DEB09A26E67}.Release|Any CPU.ActiveCfg = Release|Any CPU
		{9C3C652E-E71C-4113-8937-7DEB09A26E67}.Release|Any CPU.Build.0 = Release|Any CPU
		{C51EDBBF-F283-41B1-95F9-068A7F11B186}.Debug|Any CPU.ActiveCfg = Debug|Any CPU
		{C51EDBBF-F283-41B1-95F9-068A7F11B186}.Debug|Any CPU.Build.0 = Debug|Any CPU
		{C51EDBBF-F283-41B1-95F9-068A7F11B186}.Release|Any CPU.ActiveCfg = Release|Any CPU
		{C51EDBBF-F283-41B1-95F9-068A7F11B186}.Release|Any CPU.Build.0 = Release|Any CPU
		{1E8D33BF-0856-44BD-9C7A-C8F106288AE0}.Debug|Any CPU.ActiveCfg = Debug|Any CPU
		{1E8D33BF-0856-44BD-9C7A-C8F106288AE0}.Debug|Any CPU.Build.0 = Debug|Any CPU
		{1E8D33BF-0856-44BD-9C7A-C8F106288AE0}.Release|Any CPU.ActiveCfg = Release|Any CPU
		{1E8D33BF-0856-44BD-9C7A-C8F106288AE0}.Release|Any CPU.Build.0 = Release|Any CPU
		{C72D981B-4499-4DAD-976E-634B02B95B26}.Debug|Any CPU.ActiveCfg = Debug|Any CPU
		{C72D981B-4499-4DAD-976E-634B02B95B26}.Debug|Any CPU.Build.0 = Debug|Any CPU
		{C72D981B-4499-4DAD-976E-634B02B95B26}.Release|Any CPU.ActiveCfg = Release|Any CPU
		{C72D981B-4499-4DAD-976E-634B02B95B26}.Release|Any CPU.Build.0 = Release|Any CPU
		{3DABE5C5-A015-4217-91EE-5282E829AEF8}.Debug|Any CPU.ActiveCfg = Debug|Any CPU
		{3DABE5C5-A015-4217-91EE-5282E829AEF8}.Debug|Any CPU.Build.0 = Debug|Any CPU
		{3DABE5C5-A015-4217-91EE-5282E829AEF8}.Release|Any CPU.ActiveCfg = Release|Any CPU
		{3DABE5C5-A015-4217-91EE-5282E829AEF8}.Release|Any CPU.Build.0 = Release|Any CPU
	EndGlobalSection
	GlobalSection(SolutionProperties) = preSolution
		HideSolutionNode = FALSE
	EndGlobalSection
	GlobalSection(NestedProjects) = preSolution
		{7ADEAF92-9A67-4ECB-AC0C-C712129C3072} = {4DBC2831-6FA8-488A-89AB-7D445EFAB278}
		{6CD152FC-DFF1-4098-A7D3-2EE03A08ACEF} = {4DBC2831-6FA8-488A-89AB-7D445EFAB278}
		{C91D322F-6360-4F49-9505-0D57E24F69FD} = {4DBC2831-6FA8-488A-89AB-7D445EFAB278}
		{9C3C652E-E71C-4113-8937-7DEB09A26E67} = {4DBC2831-6FA8-488A-89AB-7D445EFAB278}
		{C51EDBBF-F283-41B1-95F9-068A7F11B186} = {4DBC2831-6FA8-488A-89AB-7D445EFAB278}
		{C72D981B-4499-4DAD-976E-634B02B95B26} = {71898E1F-3251-4DE9-AAFE-7D99540F2379}
		{3DABE5C5-A015-4217-91EE-5282E829AEF8} = {71898E1F-3251-4DE9-AAFE-7D99540F2379}
		{BE91C094-1F67-4C0B-89A1-88D592CD9AD0} = {707C6370-09DC-4970-9F9C-9BAC63BEF65B}
		{84E69FCB-0CE0-4F91-B24C-20F6656DC88E} = {BE91C094-1F67-4C0B-89A1-88D592CD9AD0}
	EndGlobalSection
	GlobalSection(ExtensibilityGlobals) = postSolution
		SolutionGuid = {2747CCE7-65F1-47E8-8F5F-4598AAA8A5B9}
	EndGlobalSection
EndGlobal
