
Microsoft Visual Studio Solution File, Format Version 12.00
# Visual Studio Version 17
VisualStudioVersion = 17.0.32014.148
MinimumVisualStudioVersion = 10.0.40219.1
Project("{2150E333-8FDC-42A3-9474-1A3956D46DE8}") = "Solution Items", "Solution Items", "{8540BC55-5403-4EE2-8D4C-E4492EE6AC4F}"
	ProjectSection(SolutionItems) = preProject
		Directory.Build.props = Directory.Build.props
		Directory.Build.targets = Directory.Build.targets
		LICENSE = LICENSE
		README.md = README.md
	EndProjectSection
EndProject
Project("{9A19103F-16F7-4668-BE54-9A1E7A4F7556}") = "Atles.Server", "src\Atles.Server\Atles.Server.csproj", "{7ADEAF92-9A67-4ECB-AC0C-C712129C3072}"
EndProject
Project("{9A19103F-16F7-4668-BE54-9A1E7A4F7556}") = "Atles.Client", "src\Atles.Client\Atles.Client.csproj", "{6CD152FC-DFF1-4098-A7D3-2EE03A08ACEF}"
EndProject
Project("{9A19103F-16F7-4668-BE54-9A1E7A4F7556}") = "Atles.Data", "src\Atles.Data\Atles.Data.csproj", "{9C3C652E-E71C-4113-8937-7DEB09A26E67}"
EndProject
Project("{9A19103F-16F7-4668-BE54-9A1E7A4F7556}") = "Atles.Domain", "src\Atles.Domain\Atles.Domain.csproj", "{C51EDBBF-F283-41B1-95F9-068A7F11B186}"
EndProject
Project("{2150E333-8FDC-42A3-9474-1A3956D46DE8}") = "src", "src", "{4DBC2831-6FA8-488A-89AB-7D445EFAB278}"
EndProject
Project("{2150E333-8FDC-42A3-9474-1A3956D46DE8}") = "tests", "tests", "{71898E1F-3251-4DE9-AAFE-7D99540F2379}"
EndProject
Project("{2150E333-8FDC-42A3-9474-1A3956D46DE8}") = "docs", "docs", "{707C6370-09DC-4970-9F9C-9BAC63BEF65B}"
	ProjectSection(SolutionItems) = preProject
		docs\Deployment.md = docs\Deployment.md
		docs\index.md = docs\index.md
		docs\Localization.md = docs\Localization.md
		docs\Release-Notes.md = docs\Release-Notes.md
		docs\Themes.md = docs\Themes.md
	EndProjectSection
EndProject
Project("{2150E333-8FDC-42A3-9474-1A3956D46DE8}") = "assets", "assets", "{BE91C094-1F67-4C0B-89A1-88D592CD9AD0}"
EndProject
Project("{2150E333-8FDC-42A3-9474-1A3956D46DE8}") = "img", "img", "{84E69FCB-0CE0-4F91-B24C-20F6656DC88E}"
	ProjectSection(SolutionItems) = preProject
		docs\assets\img\admin-forums.png = docs\assets\img\admin-forums.png
		docs\assets\img\admin-permission-set-edit.png = docs\assets\img\admin-permission-set-edit.png
		docs\assets\img\admin-settings-css.png = docs\assets\img\admin-settings-css.png
		docs\assets\img\admin-settings-language.png = docs\assets\img\admin-settings-language.png
		docs\assets\img\admin-settings-theme.png = docs\assets\img\admin-settings-theme.png
		docs\assets\img\classic-theme.png = docs\assets\img\classic-theme.png
		docs\assets\img\my-theme.png = docs\assets\img\my-theme.png
		docs\assets\img\resources.png = docs\assets\img\resources.png
	EndProjectSection
EndProject
Project("{2150E333-8FDC-42A3-9474-1A3956D46DE8}") = ".github", ".github", "{043D4E72-366C-4591-AC04-76AB9FBD687B}"
EndProject
Project("{2150E333-8FDC-42A3-9474-1A3956D46DE8}") = "workflows", "workflows", "{E481A559-D8A9-4F0B-8825-4FC553E99BD9}"
	ProjectSection(SolutionItems) = preProject
		.github\workflows\dotnet-6.yml = .github\workflows\dotnet-6.yml
	EndProjectSection
EndProject
Project("{2150E333-8FDC-42A3-9474-1A3956D46DE8}") = "sql", "sql", "{0C907861-F928-46E5-915E-1F153E1661D4}"
	ProjectSection(SolutionItems) = preProject
		sql\AtlesConnection.Migrations.sql = sql\AtlesConnection.Migrations.sql
		sql\IdentityConnection.Migrations.sql = sql\IdentityConnection.Migrations.sql
	EndProjectSection
EndProject
Project("{9A19103F-16F7-4668-BE54-9A1E7A4F7556}") = "Atles.Queries.Handlers", "src\Atles.Queries.Handlers\Atles.Queries.Handlers.csproj", "{2FF5949C-F428-48BF-9253-255BACA5C9C6}"
EndProject
Project("{9A19103F-16F7-4668-BE54-9A1E7A4F7556}") = "Atles.Core", "src\Atles.Core\Atles.Core.csproj", "{24866719-3065-47E9-B96B-3839E6C595BF}"
EndProject
Project("{9A19103F-16F7-4668-BE54-9A1E7A4F7556}") = "Atles.Events", "src\Atles.Events\Atles.Events.csproj", "{FD0C509A-807F-4A3E-B3FE-D6EA0D96AFED}"
EndProject
Project("{9A19103F-16F7-4668-BE54-9A1E7A4F7556}") = "Atles.Commands.Handlers", "src\Atles.Commands.Handlers\Atles.Commands.Handlers.csproj", "{89C67853-19F0-4139-A971-9B28219F1C49}"
EndProject
Project("{9A19103F-16F7-4668-BE54-9A1E7A4F7556}") = "Atles.Events.Handlers", "src\Atles.Events.Handlers\Atles.Events.Handlers.csproj", "{FE7970EF-6604-4EA8-879C-3C7A72D72C88}"
EndProject
Project("{9A19103F-16F7-4668-BE54-9A1E7A4F7556}") = "Atles.Tests.Component", "tests\Atles.Tests.Component\Atles.Tests.Component\Atles.Tests.Component.csproj", "{13857790-84DC-4649-B4E7-7F8A7DCB146C}"
EndProject
Project("{9A19103F-16F7-4668-BE54-9A1E7A4F7556}") = "Atles.Tests.Unit", "tests\Atles.Tests.Unit\Atles.Tests.Unit.csproj", "{42E05A99-A65C-4BB6-A3AB-88B1A7CF59B3}"
EndProject
Project("{9A19103F-16F7-4668-BE54-9A1E7A4F7556}") = "Atles.Commands", "src\Atles.Commands\Atles.Commands.csproj", "{EDB3556D-84DF-40E6-9226-3C202BCF2477}"
EndProject
Project("{9A19103F-16F7-4668-BE54-9A1E7A4F7556}") = "Atles.Queries", "src\Atles.Queries\Atles.Queries.csproj", "{13692144-95CA-4813-B7DE-1A03DA502884}"
EndProject
Project("{9A19103F-16F7-4668-BE54-9A1E7A4F7556}") = "Atles.Models", "src\Atles.Models\Atles.Models.csproj", "{A9E3943B-8B09-40CE-9A85-5C9B8072EA24}"
EndProject
Project("{9A19103F-16F7-4668-BE54-9A1E7A4F7556}") = "Atles.Validators", "src\Atles.Validators\Atles.Validators.csproj", "{558685B8-2B05-486E-9987-7FF6829B0A14}"
EndProject
Project("{9A19103F-16F7-4668-BE54-9A1E7A4F7556}") = "Atles.Validators.ValidationRules", "src\Atles.Validators.ValidationRules\Atles.Validators.ValidationRules.csproj", "{F821D9F1-CC6E-4A64-9338-DCD790C0FE4B}"
EndProject
Global
	GlobalSection(SolutionConfigurationPlatforms) = preSolution
		Debug|Any CPU = Debug|Any CPU
		Release|Any CPU = Release|Any CPU
	EndGlobalSection
	GlobalSection(ProjectConfigurationPlatforms) = postSolution
		{7ADEAF92-9A67-4ECB-AC0C-C712129C3072}.Debug|Any CPU.ActiveCfg = Debug|Any CPU
		{7ADEAF92-9A67-4ECB-AC0C-C712129C3072}.Debug|Any CPU.Build.0 = Debug|Any CPU
		{7ADEAF92-9A67-4ECB-AC0C-C712129C3072}.Release|Any CPU.ActiveCfg = Release|Any CPU
		{7ADEAF92-9A67-4ECB-AC0C-C712129C3072}.Release|Any CPU.Build.0 = Release|Any CPU
		{6CD152FC-DFF1-4098-A7D3-2EE03A08ACEF}.Debug|Any CPU.ActiveCfg = Debug|Any CPU
		{6CD152FC-DFF1-4098-A7D3-2EE03A08ACEF}.Debug|Any CPU.Build.0 = Debug|Any CPU
		{6CD152FC-DFF1-4098-A7D3-2EE03A08ACEF}.Release|Any CPU.ActiveCfg = Release|Any CPU
		{6CD152FC-DFF1-4098-A7D3-2EE03A08ACEF}.Release|Any CPU.Build.0 = Release|Any CPU
		{9C3C652E-E71C-4113-8937-7DEB09A26E67}.Debug|Any CPU.ActiveCfg = Debug|Any CPU
		{9C3C652E-E71C-4113-8937-7DEB09A26E67}.Debug|Any CPU.Build.0 = Debug|Any CPU
		{9C3C652E-E71C-4113-8937-7DEB09A26E67}.Release|Any CPU.ActiveCfg = Release|Any CPU
		{9C3C652E-E71C-4113-8937-7DEB09A26E67}.Release|Any CPU.Build.0 = Release|Any CPU
		{C51EDBBF-F283-41B1-95F9-068A7F11B186}.Debug|Any CPU.ActiveCfg = Debug|Any CPU
		{C51EDBBF-F283-41B1-95F9-068A7F11B186}.Debug|Any CPU.Build.0 = Debug|Any CPU
		{C51EDBBF-F283-41B1-95F9-068A7F11B186}.Release|Any CPU.ActiveCfg = Release|Any CPU
		{C51EDBBF-F283-41B1-95F9-068A7F11B186}.Release|Any CPU.Build.0 = Release|Any CPU
		{2FF5949C-F428-48BF-9253-255BACA5C9C6}.Debug|Any CPU.ActiveCfg = Debug|Any CPU
		{2FF5949C-F428-48BF-9253-255BACA5C9C6}.Debug|Any CPU.Build.0 = Debug|Any CPU
		{2FF5949C-F428-48BF-9253-255BACA5C9C6}.Release|Any CPU.ActiveCfg = Release|Any CPU
		{2FF5949C-F428-48BF-9253-255BACA5C9C6}.Release|Any CPU.Build.0 = Release|Any CPU
		{24866719-3065-47E9-B96B-3839E6C595BF}.Debug|Any CPU.ActiveCfg = Debug|Any CPU
		{24866719-3065-47E9-B96B-3839E6C595BF}.Debug|Any CPU.Build.0 = Debug|Any CPU
		{24866719-3065-47E9-B96B-3839E6C595BF}.Release|Any CPU.ActiveCfg = Release|Any CPU
		{24866719-3065-47E9-B96B-3839E6C595BF}.Release|Any CPU.Build.0 = Release|Any CPU
		{FD0C509A-807F-4A3E-B3FE-D6EA0D96AFED}.Debug|Any CPU.ActiveCfg = Debug|Any CPU
		{FD0C509A-807F-4A3E-B3FE-D6EA0D96AFED}.Debug|Any CPU.Build.0 = Debug|Any CPU
		{FD0C509A-807F-4A3E-B3FE-D6EA0D96AFED}.Release|Any CPU.ActiveCfg = Release|Any CPU
		{FD0C509A-807F-4A3E-B3FE-D6EA0D96AFED}.Release|Any CPU.Build.0 = Release|Any CPU
		{89C67853-19F0-4139-A971-9B28219F1C49}.Debug|Any CPU.ActiveCfg = Debug|Any CPU
		{89C67853-19F0-4139-A971-9B28219F1C49}.Debug|Any CPU.Build.0 = Debug|Any CPU
		{89C67853-19F0-4139-A971-9B28219F1C49}.Release|Any CPU.ActiveCfg = Release|Any CPU
		{89C67853-19F0-4139-A971-9B28219F1C49}.Release|Any CPU.Build.0 = Release|Any CPU
		{FE7970EF-6604-4EA8-879C-3C7A72D72C88}.Debug|Any CPU.ActiveCfg = Debug|Any CPU
		{FE7970EF-6604-4EA8-879C-3C7A72D72C88}.Debug|Any CPU.Build.0 = Debug|Any CPU
		{FE7970EF-6604-4EA8-879C-3C7A72D72C88}.Release|Any CPU.ActiveCfg = Release|Any CPU
		{FE7970EF-6604-4EA8-879C-3C7A72D72C88}.Release|Any CPU.Build.0 = Release|Any CPU
		{13857790-84DC-4649-B4E7-7F8A7DCB146C}.Debug|Any CPU.ActiveCfg = Debug|Any CPU
		{13857790-84DC-4649-B4E7-7F8A7DCB146C}.Debug|Any CPU.Build.0 = Debug|Any CPU
		{13857790-84DC-4649-B4E7-7F8A7DCB146C}.Release|Any CPU.ActiveCfg = Release|Any CPU
		{13857790-84DC-4649-B4E7-7F8A7DCB146C}.Release|Any CPU.Build.0 = Release|Any CPU
		{42E05A99-A65C-4BB6-A3AB-88B1A7CF59B3}.Debug|Any CPU.ActiveCfg = Debug|Any CPU
		{42E05A99-A65C-4BB6-A3AB-88B1A7CF59B3}.Debug|Any CPU.Build.0 = Debug|Any CPU
		{42E05A99-A65C-4BB6-A3AB-88B1A7CF59B3}.Release|Any CPU.ActiveCfg = Release|Any CPU
		{42E05A99-A65C-4BB6-A3AB-88B1A7CF59B3}.Release|Any CPU.Build.0 = Release|Any CPU
		{EDB3556D-84DF-40E6-9226-3C202BCF2477}.Debug|Any CPU.ActiveCfg = Debug|Any CPU
		{EDB3556D-84DF-40E6-9226-3C202BCF2477}.Debug|Any CPU.Build.0 = Debug|Any CPU
		{EDB3556D-84DF-40E6-9226-3C202BCF2477}.Release|Any CPU.ActiveCfg = Release|Any CPU
		{EDB3556D-84DF-40E6-9226-3C202BCF2477}.Release|Any CPU.Build.0 = Release|Any CPU
		{13692144-95CA-4813-B7DE-1A03DA502884}.Debug|Any CPU.ActiveCfg = Debug|Any CPU
		{13692144-95CA-4813-B7DE-1A03DA502884}.Debug|Any CPU.Build.0 = Debug|Any CPU
		{13692144-95CA-4813-B7DE-1A03DA502884}.Release|Any CPU.ActiveCfg = Release|Any CPU
		{13692144-95CA-4813-B7DE-1A03DA502884}.Release|Any CPU.Build.0 = Release|Any CPU
		{A9E3943B-8B09-40CE-9A85-5C9B8072EA24}.Debug|Any CPU.ActiveCfg = Debug|Any CPU
		{A9E3943B-8B09-40CE-9A85-5C9B8072EA24}.Debug|Any CPU.Build.0 = Debug|Any CPU
		{A9E3943B-8B09-40CE-9A85-5C9B8072EA24}.Release|Any CPU.ActiveCfg = Release|Any CPU
		{A9E3943B-8B09-40CE-9A85-5C9B8072EA24}.Release|Any CPU.Build.0 = Release|Any CPU
		{558685B8-2B05-486E-9987-7FF6829B0A14}.Debug|Any CPU.ActiveCfg = Debug|Any CPU
		{558685B8-2B05-486E-9987-7FF6829B0A14}.Debug|Any CPU.Build.0 = Debug|Any CPU
		{558685B8-2B05-486E-9987-7FF6829B0A14}.Release|Any CPU.ActiveCfg = Release|Any CPU
		{558685B8-2B05-486E-9987-7FF6829B0A14}.Release|Any CPU.Build.0 = Release|Any CPU
		{F821D9F1-CC6E-4A64-9338-DCD790C0FE4B}.Debug|Any CPU.ActiveCfg = Debug|Any CPU
		{F821D9F1-CC6E-4A64-9338-DCD790C0FE4B}.Debug|Any CPU.Build.0 = Debug|Any CPU
		{F821D9F1-CC6E-4A64-9338-DCD790C0FE4B}.Release|Any CPU.ActiveCfg = Release|Any CPU
		{F821D9F1-CC6E-4A64-9338-DCD790C0FE4B}.Release|Any CPU.Build.0 = Release|Any CPU
	EndGlobalSection
	GlobalSection(SolutionProperties) = preSolution
		HideSolutionNode = FALSE
	EndGlobalSection
	GlobalSection(NestedProjects) = preSolution
		{7ADEAF92-9A67-4ECB-AC0C-C712129C3072} = {4DBC2831-6FA8-488A-89AB-7D445EFAB278}
		{6CD152FC-DFF1-4098-A7D3-2EE03A08ACEF} = {4DBC2831-6FA8-488A-89AB-7D445EFAB278}
		{9C3C652E-E71C-4113-8937-7DEB09A26E67} = {4DBC2831-6FA8-488A-89AB-7D445EFAB278}
		{C51EDBBF-F283-41B1-95F9-068A7F11B186} = {4DBC2831-6FA8-488A-89AB-7D445EFAB278}
		{BE91C094-1F67-4C0B-89A1-88D592CD9AD0} = {707C6370-09DC-4970-9F9C-9BAC63BEF65B}
		{84E69FCB-0CE0-4F91-B24C-20F6656DC88E} = {BE91C094-1F67-4C0B-89A1-88D592CD9AD0}
		{E481A559-D8A9-4F0B-8825-4FC553E99BD9} = {043D4E72-366C-4591-AC04-76AB9FBD687B}
		{2FF5949C-F428-48BF-9253-255BACA5C9C6} = {4DBC2831-6FA8-488A-89AB-7D445EFAB278}
		{24866719-3065-47E9-B96B-3839E6C595BF} = {4DBC2831-6FA8-488A-89AB-7D445EFAB278}
		{FD0C509A-807F-4A3E-B3FE-D6EA0D96AFED} = {4DBC2831-6FA8-488A-89AB-7D445EFAB278}
		{89C67853-19F0-4139-A971-9B28219F1C49} = {4DBC2831-6FA8-488A-89AB-7D445EFAB278}
		{FE7970EF-6604-4EA8-879C-3C7A72D72C88} = {4DBC2831-6FA8-488A-89AB-7D445EFAB278}
		{13857790-84DC-4649-B4E7-7F8A7DCB146C} = {71898E1F-3251-4DE9-AAFE-7D99540F2379}
		{42E05A99-A65C-4BB6-A3AB-88B1A7CF59B3} = {71898E1F-3251-4DE9-AAFE-7D99540F2379}
		{EDB3556D-84DF-40E6-9226-3C202BCF2477} = {4DBC2831-6FA8-488A-89AB-7D445EFAB278}
		{13692144-95CA-4813-B7DE-1A03DA502884} = {4DBC2831-6FA8-488A-89AB-7D445EFAB278}
		{A9E3943B-8B09-40CE-9A85-5C9B8072EA24} = {4DBC2831-6FA8-488A-89AB-7D445EFAB278}
		{558685B8-2B05-486E-9987-7FF6829B0A14} = {4DBC2831-6FA8-488A-89AB-7D445EFAB278}
		{F821D9F1-CC6E-4A64-9338-DCD790C0FE4B} = {4DBC2831-6FA8-488A-89AB-7D445EFAB278}
	EndGlobalSection
	GlobalSection(ExtensibilityGlobals) = postSolution
		SolutionGuid = {2747CCE7-65F1-47E8-8F5F-4598AAA8A5B9}
	EndGlobalSection
EndGlobal
