
Microsoft Visual Studio Solution File, Format Version 12.00
# Visual Studio Version 16
VisualStudioVersion = 16.0.29728.190
MinimumVisualStudioVersion = 10.0.40219.1
Project("{FAE04EC0-301F-11D3-BF4B-00C04F79EFBC}") = "ForumApp.Domain", "ForumApp.Domain\ForumApp.Domain.csproj", "{27984D6C-6FDE-415A-944C-4A697A18F99E}"
EndProject
Global
	GlobalSection(SolutionConfigurationPlatforms) = preSolution
		Debug|Any CPU = Debug|Any CPU
		Release|Any CPU = Release|Any CPU
	EndGlobalSection
	GlobalSection(ProjectConfigurationPlatforms) = postSolution
		{27984D6C-6FDE-415A-944C-4A697A18F99E}.Debug|Any CPU.ActiveCfg = Debug|Any CPU
		{27984D6C-6FDE-415A-944C-4A697A18F99E}.Debug|Any CPU.Build.0 = Debug|Any CPU
		{27984D6C-6FDE-415A-944C-4A697A18F99E}.Release|Any CPU.ActiveCfg = Release|Any CPU
		{27984D6C-6FDE-415A-944C-4A697A18F99E}.Release|Any CPU.Build.0 = Release|Any CPU
	EndGlobalSection
	GlobalSection(SolutionProperties) = preSolution
		HideSolutionNode = FALSE
	EndGlobalSection
	GlobalSection(ExtensibilityGlobals) = postSolution
		SolutionGuid = {2747CCE7-65F1-47E8-8F5F-4598AAA8A5B9}
	EndGlobalSection
EndGlobal
